
Microsoft Visual Studio Solution File, Format Version 12.00
# Visual Studio 15
VisualStudioVersion = 15.0.28307.705
MinimumVisualStudioVersion = 10.0.40219.1
Project("{FAE04EC0-301F-11D3-BF4B-00C04F79EFBC}") = "ConsoleApp4", "ConsoleApp4\ConsoleApp4.csproj", "{4BB9BEF7-FDD0-4FB7-A6C7-10E8604F1DCC}"
EndProject
Project("{FAE04EC0-301F-11D3-BF4B-00C04F79EFBC}") = "ConsoleApp1", "ConsoleApp1\ConsoleApp1.csproj", "{6C2F3675-72EF-478B-B35E-F7B8E2144A79}"
EndProject
Global
	GlobalSection(SolutionConfigurationPlatforms) = preSolution
		Debug|Any CPU = Debug|Any CPU
		Release|Any CPU = Release|Any CPU
	EndGlobalSection
	GlobalSection(ProjectConfigurationPlatforms) = postSolution
		{4BB9BEF7-FDD0-4FB7-A6C7-10E8604F1DCC}.Debug|Any CPU.ActiveCfg = Debug|Any CPU
		{4BB9BEF7-FDD0-4FB7-A6C7-10E8604F1DCC}.Debug|Any CPU.Build.0 = Debug|Any CPU
		{4BB9BEF7-FDD0-4FB7-A6C7-10E8604F1DCC}.Release|Any CPU.ActiveCfg = Release|Any CPU
		{4BB9BEF7-FDD0-4FB7-A6C7-10E8604F1DCC}.Release|Any CPU.Build.0 = Release|Any CPU
		{6C2F3675-72EF-478B-B35E-F7B8E2144A79}.Debug|Any CPU.ActiveCfg = Debug|Any CPU
		{6C2F3675-72EF-478B-B35E-F7B8E2144A79}.Debug|Any CPU.Build.0 = Debug|Any CPU
		{6C2F3675-72EF-478B-B35E-F7B8E2144A79}.Release|Any CPU.ActiveCfg = Release|Any CPU
		{6C2F3675-72EF-478B-B35E-F7B8E2144A79}.Release|Any CPU.Build.0 = Release|Any CPU
	EndGlobalSection
	GlobalSection(SolutionProperties) = preSolution
		HideSolutionNode = FALSE
	EndGlobalSection
	GlobalSection(ExtensibilityGlobals) = postSolution
		SolutionGuid = {1E6A4978-B49F-4B70-B1FA-BBC003C1AA5E}
	EndGlobalSection
EndGlobal
